
Microsoft Visual Studio Solution File, Format Version 12.00
# Visual Studio Version 17
VisualStudioVersion = 17.2.32505.173
MinimumVisualStudioVersion = 10.0.40219.1
Project("{FAE04EC0-301F-11D3-BF4B-00C04F79EFBC}") = "ProjectoCompti", "ProjectoCompti\ProjectoCompti.csproj", "{BFAF8B52-AB55-4775-BC99-E648189CE6A5}"
EndProject
Global
	GlobalSection(SolutionConfigurationPlatforms) = preSolution
		Debug|Any CPU = Debug|Any CPU
		Release|Any CPU = Release|Any CPU
	EndGlobalSection
	GlobalSection(ProjectConfigurationPlatforms) = postSolution
		{BFAF8B52-AB55-4775-BC99-E648189CE6A5}.Debug|Any CPU.ActiveCfg = Debug|Any CPU
		{BFAF8B52-AB55-4775-BC99-E648189CE6A5}.Debug|Any CPU.Build.0 = Debug|Any CPU
		{BFAF8B52-AB55-4775-BC99-E648189CE6A5}.Release|Any CPU.ActiveCfg = Release|Any CPU
		{BFAF8B52-AB55-4775-BC99-E648189CE6A5}.Release|Any CPU.Build.0 = Release|Any CPU
	EndGlobalSection
	GlobalSection(SolutionProperties) = preSolution
		HideSolutionNode = FALSE
	EndGlobalSection
	GlobalSection(ExtensibilityGlobals) = postSolution
		SolutionGuid = {B603CD54-E73E-445C-B084-DAD5CE1063A8}
	EndGlobalSection
EndGlobal
